
Microsoft Visual Studio Solution File, Format Version 12.00
# Visual Studio Version 17
VisualStudioVersion = 17.5.002.0
MinimumVisualStudioVersion = 10.0.40219.1
Project("{9A19103F-16F7-4668-BE54-9A1E7A4F7556}") = "Api", "Api\Api.csproj", "{086AB953-2622-4555-AB71-AA42CA92994D}"
EndProject
Project("{9A19103F-16F7-4668-BE54-9A1E7A4F7556}") = "Models", "Models\Models.csproj", "{980F5551-DEB6-41D3-ACE9-9FBABB6C2BA7}"
EndProject
Project("{9A19103F-16F7-4668-BE54-9A1E7A4F7556}") = "Repository", "Repository\Repository.csproj", "{4D45E785-9503-4D3B-851F-FBFB3CD6CA5D}"
EndProject
Global
	GlobalSection(SolutionConfigurationPlatforms) = preSolution
		Debug|Any CPU = Debug|Any CPU
		Release|Any CPU = Release|Any CPU
	EndGlobalSection
	GlobalSection(ProjectConfigurationPlatforms) = postSolution
		{086AB953-2622-4555-AB71-AA42CA92994D}.Debug|Any CPU.ActiveCfg = Debug|Any CPU
		{086AB953-2622-4555-AB71-AA42CA92994D}.Debug|Any CPU.Build.0 = Debug|Any CPU
		{086AB953-2622-4555-AB71-AA42CA92994D}.Release|Any CPU.ActiveCfg = Release|Any CPU
		{086AB953-2622-4555-AB71-AA42CA92994D}.Release|Any CPU.Build.0 = Release|Any CPU
		{980F5551-DEB6-41D3-ACE9-9FBABB6C2BA7}.Debug|Any CPU.ActiveCfg = Debug|Any CPU
		{980F5551-DEB6-41D3-ACE9-9FBABB6C2BA7}.Debug|Any CPU.Build.0 = Debug|Any CPU
		{980F5551-DEB6-41D3-ACE9-9FBABB6C2BA7}.Release|Any CPU.ActiveCfg = Release|Any CPU
		{980F5551-DEB6-41D3-ACE9-9FBABB6C2BA7}.Release|Any CPU.Build.0 = Release|Any CPU
		{4D45E785-9503-4D3B-851F-FBFB3CD6CA5D}.Debug|Any CPU.ActiveCfg = Debug|Any CPU
		{4D45E785-9503-4D3B-851F-FBFB3CD6CA5D}.Debug|Any CPU.Build.0 = Debug|Any CPU
		{4D45E785-9503-4D3B-851F-FBFB3CD6CA5D}.Release|Any CPU.ActiveCfg = Release|Any CPU
		{4D45E785-9503-4D3B-851F-FBFB3CD6CA5D}.Release|Any CPU.Build.0 = Release|Any CPU
	EndGlobalSection
	GlobalSection(SolutionProperties) = preSolution
		HideSolutionNode = FALSE
	EndGlobalSection
	GlobalSection(ExtensibilityGlobals) = postSolution
		SolutionGuid = {884BF513-B0A4-4335-86E9-CB028B11AD45}
	EndGlobalSection
EndGlobal
